{
  "name": "TESTNPM",
  "lockfileVersion": 3,
  "requires": true,
  "packages": {
    "": {
      "dependencies": {
        "myfirsttypescriptlibrary": "^1.0.18"
      }
    },
    "node_modules/myfirsttypescriptlibrary": {
      "version": "1.0.18",
      "resolved": "https://registry.npmjs.org/myfirsttypescriptlibrary/-/myfirsttypescriptlibrary-1.0.18.tgz",
      "integrity": "sha512-HUD2KtseQ8JFXt0Rlpqf6wjOYCdVoas2oe8fcdixEKB6iXWFnuUUBAFY1TqYXimW/Bd4twyYzEaNzPbUza8ugw=="
    }
  }
}
